
Microsoft Visual Studio Solution File, Format Version 12.00
# Visual Studio 15
VisualStudioVersion = 15.0.27130.2024
MinimumVisualStudioVersion = 10.0.40219.1
Project("{FAE04EC0-301F-11D3-BF4B-00C04F79EFBC}") = "WebAppHF", "WebAppHF\WebAppHF.csproj", "{13C4B1CA-9154-4215-9C34-CD955588A21A}"
EndProject
Project("{FAE04EC0-301F-11D3-BF4B-00C04F79EFBC}") = "Unit_Tests", "Unit_Tests\Unit_Tests.csproj", "{59A989D9-CECD-443F-B6B9-A802C500025E}"
EndProject
Global
	GlobalSection(SolutionConfigurationPlatforms) = preSolution
		Debug|Any CPU = Debug|Any CPU
		Release|Any CPU = Release|Any CPU
	EndGlobalSection
	GlobalSection(ProjectConfigurationPlatforms) = postSolution
		{13C4B1CA-9154-4215-9C34-CD955588A21A}.Debug|Any CPU.ActiveCfg = Debug|Any CPU
		{13C4B1CA-9154-4215-9C34-CD955588A21A}.Debug|Any CPU.Build.0 = Debug|Any CPU
		{13C4B1CA-9154-4215-9C34-CD955588A21A}.Release|Any CPU.ActiveCfg = Release|Any CPU
		{13C4B1CA-9154-4215-9C34-CD955588A21A}.Release|Any CPU.Build.0 = Release|Any CPU
		{59A989D9-CECD-443F-B6B9-A802C500025E}.Debug|Any CPU.ActiveCfg = Debug|Any CPU
		{59A989D9-CECD-443F-B6B9-A802C500025E}.Debug|Any CPU.Build.0 = Debug|Any CPU
		{59A989D9-CECD-443F-B6B9-A802C500025E}.Release|Any CPU.ActiveCfg = Release|Any CPU
		{59A989D9-CECD-443F-B6B9-A802C500025E}.Release|Any CPU.Build.0 = Release|Any CPU
	EndGlobalSection
	GlobalSection(SolutionProperties) = preSolution
		HideSolutionNode = FALSE
	EndGlobalSection
	GlobalSection(ExtensibilityGlobals) = postSolution
		SolutionGuid = {7DB5C0A5-96A0-48EA-8B03-8E560DCA8537}
	EndGlobalSection
EndGlobal
